
Microsoft Visual Studio Solution File, Format Version 12.00
# Visual Studio 2012
Project("{FAE04EC0-301F-11D3-BF4B-00C04F79EFBC}") = "UI", "UI\UI.csproj", "{78393E18-9801-4517-A5E4-D4C06A93835B}"
EndProject
Project("{FAE04EC0-301F-11D3-BF4B-00C04F79EFBC}") = "Examples", "Examples\Examples.csproj", "{8BCE58E1-30D4-4880-A7C6-5E29E327C91C}"
EndProject
Project("{FAE04EC0-301F-11D3-BF4B-00C04F79EFBC}") = "Tests", "Tests\Tests.csproj", "{808B7561-918B-4508-86CC-744090B0BE10}"
EndProject
Project("{F088123C-0E9E-452A-89E6-6BA2F21D5CAC}") = "Architecture", "Architecture\Architecture.modelproj", "{491919A0-6FFD-4EC0-A59D-C43EF9197664}"
EndProject
Global
	GlobalSection(SolutionConfigurationPlatforms) = preSolution
		Debug|Any CPU = Debug|Any CPU
		Release|Any CPU = Release|Any CPU
	EndGlobalSection
	GlobalSection(ProjectConfigurationPlatforms) = postSolution
		{78393E18-9801-4517-A5E4-D4C06A93835B}.Debug|Any CPU.ActiveCfg = Debug|Any CPU
		{78393E18-9801-4517-A5E4-D4C06A93835B}.Debug|Any CPU.Build.0 = Debug|Any CPU
		{78393E18-9801-4517-A5E4-D4C06A93835B}.Release|Any CPU.ActiveCfg = Release|Any CPU
		{78393E18-9801-4517-A5E4-D4C06A93835B}.Release|Any CPU.Build.0 = Release|Any CPU
		{8BCE58E1-30D4-4880-A7C6-5E29E327C91C}.Debug|Any CPU.ActiveCfg = Debug|Any CPU
		{8BCE58E1-30D4-4880-A7C6-5E29E327C91C}.Debug|Any CPU.Build.0 = Debug|Any CPU
		{8BCE58E1-30D4-4880-A7C6-5E29E327C91C}.Release|Any CPU.ActiveCfg = Release|Any CPU
		{8BCE58E1-30D4-4880-A7C6-5E29E327C91C}.Release|Any CPU.Build.0 = Release|Any CPU
		{808B7561-918B-4508-86CC-744090B0BE10}.Debug|Any CPU.ActiveCfg = Debug|Any CPU
		{808B7561-918B-4508-86CC-744090B0BE10}.Debug|Any CPU.Build.0 = Debug|Any CPU
		{808B7561-918B-4508-86CC-744090B0BE10}.Release|Any CPU.ActiveCfg = Release|Any CPU
		{808B7561-918B-4508-86CC-744090B0BE10}.Release|Any CPU.Build.0 = Release|Any CPU
		{491919A0-6FFD-4EC0-A59D-C43EF9197664}.Debug|Any CPU.ActiveCfg = Debug|Any CPU
		{491919A0-6FFD-4EC0-A59D-C43EF9197664}.Debug|Any CPU.Build.0 = Debug|Any CPU
		{491919A0-6FFD-4EC0-A59D-C43EF9197664}.Release|Any CPU.ActiveCfg = Release|Any CPU
		{491919A0-6FFD-4EC0-A59D-C43EF9197664}.Release|Any CPU.Build.0 = Release|Any CPU
	EndGlobalSection
	GlobalSection(SolutionProperties) = preSolution
		HideSolutionNode = FALSE
	EndGlobalSection
EndGlobal
